
VisualStudioVersion = 17.5.2.0
MinimumVisualStudioVersion = 10.0.40219.1
Project("{2150E333-8FDC-42A3-9474-1A3956D46DE8}") = "backend", "backend", "{1AE8ACA6-933B-BF2A-3671-3E2EAC007D16}"
EndProject
Project("{FAE04EC0-301F-11D3-BF4B-00C04F79EFBC}") = "OBFSimple", "backend\OBFSimple.csproj", "{977E05F8-F070-03F5-5A7B-D685BBD9A317}"
EndProject
Global
	GlobalSection(SolutionConfigurationPlatforms) = preSolution
		Debug|Any CPU = Debug|Any CPU
		Release|Any CPU = Release|Any CPU
	EndGlobalSection
	GlobalSection(ProjectConfigurationPlatforms) = postSolution
		{977E05F8-F070-03F5-5A7B-D685BBD9A317}.Debug|Any CPU.ActiveCfg = Debug|Any CPU
		{977E05F8-F070-03F5-5A7B-D685BBD9A317}.Debug|Any CPU.Build.0 = Debug|Any CPU
		{977E05F8-F070-03F5-5A7B-D685BBD9A317}.Release|Any CPU.ActiveCfg = Release|Any CPU
		{977E05F8-F070-03F5-5A7B-D685BBD9A317}.Release|Any CPU.Build.0 = Release|Any CPU
	EndGlobalSection
	GlobalSection(SolutionProperties) = preSolution
		HideSolutionNode = FALSE
	EndGlobalSection
	GlobalSection(NestedProjects) = preSolution
		{977E05F8-F070-03F5-5A7B-D685BBD9A317} = {1AE8ACA6-933B-BF2A-3671-3E2EAC007D16}
	EndGlobalSection
	GlobalSection(ExtensibilityGlobals) = postSolution
		SolutionGuid = {801352E5-D812-4867-A7A0-B1ED27FC8C3A}
	EndGlobalSection
EndGlobal
